// !$*UTF8*$!
{
	archiveVersion = 1;
	classes = {
	};
	objectVersion = 46;
	objects = {

/* Begin PBXBuildFile section */
		A421601E17A45F160095E447 /* blue_gray_gradient_44.png in Resources */ = {isa = PBXBuildFile; fileRef = A421601D17A45F160095E447 /* blue_gray_gradient_44.png */; };
		A421602217A461170095E447 /* table_gray_gradient.png in Resources */ = {isa = PBXBuildFile; fileRef = A421602117A461170095E447 /* table_gray_gradient.png */; };
		A438EF6B17A312D600E513BB /* TableCellGradient.png in Resources */ = {isa = PBXBuildFile; fileRef = A438EF6A17A312D600E513BB /* TableCellGradient.png */; };
		A438EF7017A31B4400E513BB /* down.png in Resources */ = {isa = PBXBuildFile; fileRef = A438EF6C17A31B4300E513BB /* down.png */; };
		A438EF7117A31B4400E513BB /* down@2x.png in Resources */ = {isa = PBXBuildFile; fileRef = A438EF6D17A31B4300E513BB /* down@2x.png */; };
		A438EF7217A31B4400E513BB /* up.png in Resources */ = {isa = PBXBuildFile; fileRef = A438EF6E17A31B4400E513BB /* up.png */; };
		A438EF7317A31B4400E513BB /* up@2x.png in Resources */ = {isa = PBXBuildFile; fileRef = A438EF6F17A31B4400E513BB /* up@2x.png */; };
		A438EF7617A31E0300E513BB /* GroupCell.m in Sources */ = {isa = PBXBuildFile; fileRef = A438EF7517A31E0300E513BB /* GroupCell.m */; };
		A4537049173DF61800B6842A /* FacebookSDK.framework in Frameworks */ = {isa = PBXBuildFile; fileRef = A4537048173DF61800B6842A /* FacebookSDK.framework */; };
		A453704B173DF65400B6842A /* FacebookSDKResources.bundle in Resources */ = {isa = PBXBuildFile; fileRef = A453704A173DF65400B6842A /* FacebookSDKResources.bundle */; };
		A453704D173DF68100B6842A /* AdSupport.framework in Frameworks */ = {isa = PBXBuildFile; fileRef = A453704C173DF68100B6842A /* AdSupport.framework */; };
		A453704F173DF68900B6842A /* Accounts.framework in Frameworks */ = {isa = PBXBuildFile; fileRef = A453704E173DF68900B6842A /* Accounts.framework */; };
		A4537051173DF69600B6842A /* libsqlite3.dylib in Frameworks */ = {isa = PBXBuildFile; fileRef = A4537050173DF69600B6842A /* libsqlite3.dylib */; };
		A4537053173DF6AA00B6842A /* Social.framework in Frameworks */ = {isa = PBXBuildFile; fileRef = A4537052173DF6AA00B6842A /* Social.framework */; };
		A4537061173E03A500B6842A /* SVProgressHUD.bundle in Resources */ = {isa = PBXBuildFile; fileRef = A453705E173E03A500B6842A /* SVProgressHUD.bundle */; };
		A4537062173E03A500B6842A /* SVProgressHUD.m in Sources */ = {isa = PBXBuildFile; fileRef = A4537060173E03A500B6842A /* SVProgressHUD.m */; };
		A45772F817A9AA1C00B845C8 /* smack 57 blue.png in Resources */ = {isa = PBXBuildFile; fileRef = A45772F717A9AA1C00B845C8 /* smack 57 blue.png */; };
		A45772FA17A9AA2300B845C8 /* smack 114 blue.png in Resources */ = {isa = PBXBuildFile; fileRef = A45772F917A9AA2200B845C8 /* smack 114 blue.png */; };
		A45772FE17A9AACA00B845C8 /* Default.png in Resources */ = {isa = PBXBuildFile; fileRef = A45772FD17A9AACA00B845C8 /* Default.png */; };
		A457730017A9AB1700B845C8 /* Default@2x.png in Resources */ = {isa = PBXBuildFile; fileRef = A45772FF17A9AB1700B845C8 /* Default@2x.png */; };
		A457730217A9AB6C00B845C8 /* Default-568h@2x.png in Resources */ = {isa = PBXBuildFile; fileRef = A457730117A9AB6C00B845C8 /* Default-568h@2x.png */; };
		A46FFB6917A8AF870006223B /* Placeholder.png in Resources */ = {isa = PBXBuildFile; fileRef = A46FFB6717A8AF870006223B /* Placeholder.png */; };
		A46FFB6A17A8AF870006223B /* Placeholder@2x.png in Resources */ = {isa = PBXBuildFile; fileRef = A46FFB6817A8AF870006223B /* Placeholder@2x.png */; };
		A46FFB6C17A8B6D00006223B /* StoreButton.png in Resources */ = {isa = PBXBuildFile; fileRef = A46FFB6B17A8B6D00006223B /* StoreButton.png */; };
		A46FFB7017A8D9890006223B /* soccer_ball (1).png in Resources */ = {isa = PBXBuildFile; fileRef = A46FFB6F17A8D9890006223B /* soccer_ball (1).png */; };
		A4861C5717B34BF900DA5E5F /* hockey.png in Resources */ = {isa = PBXBuildFile; fileRef = A4861C5617B34BF800DA5E5F /* hockey.png */; };
		A49F4365174083AF00E835B2 /* rjdoW.png in Resources */ = {isa = PBXBuildFile; fileRef = A49F4363174083AE00E835B2 /* rjdoW.png */; };
		A49F4366174083AF00E835B2 /* arrow.png in Resources */ = {isa = PBXBuildFile; fileRef = A49F4364174083AE00E835B2 /* arrow.png */; };
		A49F4368174083F500E835B2 /* LoginWithFacebookNormal.png in Resources */ = {isa = PBXBuildFile; fileRef = A49F4367174083F500E835B2 /* LoginWithFacebookNormal.png */; };
		A4D8D8F9173D7F07005EE8A6 /* UIKit.framework in Frameworks */ = {isa = PBXBuildFile; fileRef = A4D8D8F8173D7F07005EE8A6 /* UIKit.framework */; };
		A4D8D8FB173D7F07005EE8A6 /* Foundation.framework in Frameworks */ = {isa = PBXBuildFile; fileRef = A4D8D8FA173D7F07005EE8A6 /* Foundation.framework */; };
		A4D8D8FD173D7F07005EE8A6 /* CoreGraphics.framework in Frameworks */ = {isa = PBXBuildFile; fileRef = A4D8D8FC173D7F07005EE8A6 /* CoreGraphics.framework */; };
		A4D8D903173D7F07005EE8A6 /* InfoPlist.strings in Resources */ = {isa = PBXBuildFile; fileRef = A4D8D901173D7F07005EE8A6 /* InfoPlist.strings */; };
		A4D8D905173D7F07005EE8A6 /* main.m in Sources */ = {isa = PBXBuildFile; fileRef = A4D8D904173D7F07005EE8A6 /* main.m */; };
		A4D8D909173D7F07005EE8A6 /* AppDelegate.m in Sources */ = {isa = PBXBuildFile; fileRef = A4D8D908173D7F07005EE8A6 /* AppDelegate.m */; };
		A4D8D912173D7F07005EE8A6 /* MainStoryboard.storyboard in Resources */ = {isa = PBXBuildFile; fileRef = A4D8D910173D7F07005EE8A6 /* MainStoryboard.storyboard */; };
		A4D8D91C173D8414005EE8A6 /* Parse.framework in Frameworks */ = {isa = PBXBuildFile; fileRef = A4D8D91B173D8414005EE8A6 /* Parse.framework */; };
		A4D8D91E173D844D005EE8A6 /* AudioToolbox.framework in Frameworks */ = {isa = PBXBuildFile; fileRef = A4D8D91D173D844D005EE8A6 /* AudioToolbox.framework */; };
		A4D8D920173D8453005EE8A6 /* CFNetwork.framework in Frameworks */ = {isa = PBXBuildFile; fileRef = A4D8D91F173D8453005EE8A6 /* CFNetwork.framework */; };
		A4D8D922173D8461005EE8A6 /* CoreLocation.framework in Frameworks */ = {isa = PBXBuildFile; fileRef = A4D8D921173D8461005EE8A6 /* CoreLocation.framework */; };
		A4D8D924173D846A005EE8A6 /* libz.1.1.3.dylib in Frameworks */ = {isa = PBXBuildFile; fileRef = A4D8D923173D846A005EE8A6 /* libz.1.1.3.dylib */; };
		A4D8D926173D8470005EE8A6 /* MobileCoreServices.framework in Frameworks */ = {isa = PBXBuildFile; fileRef = A4D8D925173D8470005EE8A6 /* MobileCoreServices.framework */; };
		A4D8D928173D8476005EE8A6 /* QuartzCore.framework in Frameworks */ = {isa = PBXBuildFile; fileRef = A4D8D927173D8476005EE8A6 /* QuartzCore.framework */; };
		A4D8D92A173D8482005EE8A6 /* Security.framework in Frameworks */ = {isa = PBXBuildFile; fileRef = A4D8D929173D8482005EE8A6 /* Security.framework */; };
		A4D8D92C173D8488005EE8A6 /* StoreKit.framework in Frameworks */ = {isa = PBXBuildFile; fileRef = A4D8D92B173D8488005EE8A6 /* StoreKit.framework */; };
		A4D8D92E173D848F005EE8A6 /* SystemConfiguration.framework in Frameworks */ = {isa = PBXBuildFile; fileRef = A4D8D92D173D848F005EE8A6 /* SystemConfiguration.framework */; };
		A4D8D94F173D95D6005EE8A6 /* GameCell.m in Sources */ = {isa = PBXBuildFile; fileRef = A4D8D946173D95D6005EE8A6 /* GameCell.m */; };
		A4D8D950173D95D6005EE8A6 /* LeaderboardCell.m in Sources */ = {isa = PBXBuildFile; fileRef = A4D8D948173D95D6005EE8A6 /* LeaderboardCell.m */; };
		A4D8D951173D95D6005EE8A6 /* PlayerCell.m in Sources */ = {isa = PBXBuildFile; fileRef = A4D8D94A173D95D6005EE8A6 /* PlayerCell.m */; };
		A4D8D952173D95D6005EE8A6 /* PlayerSelectCell.m in Sources */ = {isa = PBXBuildFile; fileRef = A4D8D94C173D95D6005EE8A6 /* PlayerSelectCell.m */; };
		A4D8D953173D95D6005EE8A6 /* TeamSelectCell.m in Sources */ = {isa = PBXBuildFile; fileRef = A4D8D94E173D95D6005EE8A6 /* TeamSelectCell.m */; };
		A4D8D973173D97C9005EE8A6 /* 85-trophy.png in Resources */ = {isa = PBXBuildFile; fileRef = A4D8D96D173D97C9005EE8A6 /* 85-trophy.png */; };
		A4D8D974173D97C9005EE8A6 /* 85-trophy@2x.png in Resources */ = {isa = PBXBuildFile; fileRef = A4D8D96E173D97C9005EE8A6 /* 85-trophy@2x.png */; };
		A4D8D975173D97C9005EE8A6 /* 112-group.png in Resources */ = {isa = PBXBuildFile; fileRef = A4D8D96F173D97C9005EE8A6 /* 112-group.png */; };
		A4D8D976173D97C9005EE8A6 /* 112-group@2x.png in Resources */ = {isa = PBXBuildFile; fileRef = A4D8D970173D97C9005EE8A6 /* 112-group@2x.png */; };
		A4D8D977173D97C9005EE8A6 /* 116-controller.png in Resources */ = {isa = PBXBuildFile; fileRef = A4D8D971173D97C9005EE8A6 /* 116-controller.png */; };
		A4D8D978173D97C9005EE8A6 /* 116-controller@2x.png in Resources */ = {isa = PBXBuildFile; fileRef = A4D8D972173D97C9005EE8A6 /* 116-controller@2x.png */; };
		A4FBA2BD178CB4E600DA6A51 /* AddGameViewController.m in Sources */ = {isa = PBXBuildFile; fileRef = A4FBA2B8178CB4E600DA6A51 /* AddGameViewController.m */; };
		A4FBA2BE178CB4E600DA6A51 /* AddGroupViewController.m in Sources */ = {isa = PBXBuildFile; fileRef = A4FBA2BA178CB4E600DA6A51 /* AddGroupViewController.m */; };
		A4FBA2BF178CB4E600DA6A51 /* AddPlayerViewController.m in Sources */ = {isa = PBXBuildFile; fileRef = A4FBA2BC178CB4E600DA6A51 /* AddPlayerViewController.m */; };
		A4FBA2C5178CB55C00DA6A51 /* SelectPlayerViewController.m in Sources */ = {isa = PBXBuildFile; fileRef = A4FBA2C2178CB55C00DA6A51 /* SelectPlayerViewController.m */; };
		A4FBA2C6178CB55C00DA6A51 /* SelectTeamViewController.m in Sources */ = {isa = PBXBuildFile; fileRef = A4FBA2C4178CB55C00DA6A51 /* SelectTeamViewController.m */; };
		A4FBA2D2178CB5DA00DA6A51 /* Game.m in Sources */ = {isa = PBXBuildFile; fileRef = A4FBA2C9178CB5DA00DA6A51 /* Game.m */; };
		A4FBA2D3178CB5DA00DA6A51 /* Group.m in Sources */ = {isa = PBXBuildFile; fileRef = A4FBA2CB178CB5DA00DA6A51 /* Group.m */; };
		A4FBA2D4178CB5DA00DA6A51 /* Player.m in Sources */ = {isa = PBXBuildFile; fileRef = A4FBA2CD178CB5DA00DA6A51 /* Player.m */; };
		A4FBA2D5178CB5DA00DA6A51 /* Team.m in Sources */ = {isa = PBXBuildFile; fileRef = A4FBA2CF178CB5DA00DA6A51 /* Team.m */; };
		A4FBA2D6178CB5DA00DA6A51 /* TeamData.m in Sources */ = {isa = PBXBuildFile; fileRef = A4FBA2D1178CB5DA00DA6A51 /* TeamData.m */; };
		A4FBA2E3178CB66D00DA6A51 /* GameInfoViewController.m in Sources */ = {isa = PBXBuildFile; fileRef = A4FBA2E0178CB66D00DA6A51 /* GameInfoViewController.m */; };
		A4FBA2E4178CB66D00DA6A51 /* GamesViewController.m in Sources */ = {isa = PBXBuildFile; fileRef = A4FBA2E2178CB66D00DA6A51 /* GamesViewController.m */; };
		A4FBA2EC178CB69200DA6A51 /* GroupsViewController.m in Sources */ = {isa = PBXBuildFile; fileRef = A4FBA2E7178CB69200DA6A51 /* GroupsViewController.m */; };
		A4FBA2ED178CB69200DA6A51 /* LoginViewController.m in Sources */ = {isa = PBXBuildFile; fileRef = A4FBA2E9178CB69200DA6A51 /* LoginViewController.m */; };
		A4FBA2EE178CB69200DA6A51 /* SmackTabViewController.m in Sources */ = {isa = PBXBuildFile; fileRef = A4FBA2EB178CB69200DA6A51 /* SmackTabViewController.m */; };
		A4FBA2F4178CB6D100DA6A51 /* PlayerInfoViewController.m in Sources */ = {isa = PBXBuildFile; fileRef = A4FBA2F1178CB6D100DA6A51 /* PlayerInfoViewController.m */; };
		A4FBA2F5178CB6D100DA6A51 /* PlayersViewController.m in Sources */ = {isa = PBXBuildFile; fileRef = A4FBA2F3178CB6D100DA6A51 /* PlayersViewController.m */; };
		A4FBA2F9178CB6EE00DA6A51 /* LeaderboardViewController.m in Sources */ = {isa = PBXBuildFile; fileRef = A4FBA2F8178CB6EE00DA6A51 /* LeaderboardViewController.m */; };
/* End PBXBuildFile section */

/* Begin PBXFileReference section */
		A421601D17A45F160095E447 /* blue_gray_gradient_44.png */ = {isa = PBXFileReference; lastKnownFileType = image.png; path = blue_gray_gradient_44.png; sourceTree = "<group>"; };
		A421602117A461170095E447 /* table_gray_gradient.png */ = {isa = PBXFileReference; lastKnownFileType = image.png; path = table_gray_gradient.png; sourceTree = "<group>"; };
		A438EF6A17A312D600E513BB /* TableCellGradient.png */ = {isa = PBXFileReference; lastKnownFileType = image.png; name = TableCellGradient.png; path = ../TableCellGradient.png; sourceTree = "<group>"; };
		A438EF6C17A31B4300E513BB /* down.png */ = {isa = PBXFileReference; lastKnownFileType = image.png; path = down.png; sourceTree = "<group>"; };
		A438EF6D17A31B4300E513BB /* down@2x.png */ = {isa = PBXFileReference; lastKnownFileType = image.png; path = "down@2x.png"; sourceTree = "<group>"; };
		A438EF6E17A31B4400E513BB /* up.png */ = {isa = PBXFileReference; lastKnownFileType = image.png; path = up.png; sourceTree = "<group>"; };
		A438EF6F17A31B4400E513BB /* up@2x.png */ = {isa = PBXFileReference; lastKnownFileType = image.png; path = "up@2x.png"; sourceTree = "<group>"; };
		A438EF7417A31E0300E513BB /* GroupCell.h */ = {isa = PBXFileReference; fileEncoding = 4; lastKnownFileType = sourcecode.c.h; path = GroupCell.h; sourceTree = "<group>"; };
		A438EF7517A31E0300E513BB /* GroupCell.m */ = {isa = PBXFileReference; fileEncoding = 4; lastKnownFileType = sourcecode.c.objc; path = GroupCell.m; sourceTree = "<group>"; };
		A4537048173DF61800B6842A /* FacebookSDK.framework */ = {isa = PBXFileReference; lastKnownFileType = wrapper.framework; path = FacebookSDK.framework; sourceTree = "<group>"; };
		A453704A173DF65400B6842A /* FacebookSDKResources.bundle */ = {isa = PBXFileReference; lastKnownFileType = "wrapper.plug-in"; name = FacebookSDKResources.bundle; path = ../../../Documents/FacebookSDK/FacebookSDK.framework/Versions/A/Resources/FacebookSDKResources.bundle; sourceTree = "<group>"; };
		A453704C173DF68100B6842A /* AdSupport.framework */ = {isa = PBXFileReference; lastKnownFileType = wrapper.framework; name = AdSupport.framework; path = System/Library/Frameworks/AdSupport.framework; sourceTree = SDKROOT; };
		A453704E173DF68900B6842A /* Accounts.framework */ = {isa = PBXFileReference; lastKnownFileType = wrapper.framework; name = Accounts.framework; path = System/Library/Frameworks/Accounts.framework; sourceTree = SDKROOT; };
		A4537050173DF69600B6842A /* libsqlite3.dylib */ = {isa = PBXFileReference; lastKnownFileType = "compiled.mach-o.dylib"; name = libsqlite3.dylib; path = usr/lib/libsqlite3.dylib; sourceTree = SDKROOT; };
		A4537052173DF6AA00B6842A /* Social.framework */ = {isa = PBXFileReference; lastKnownFileType = wrapper.framework; name = Social.framework; path = System/Library/Frameworks/Social.framework; sourceTree = SDKROOT; };
		A453705E173E03A500B6842A /* SVProgressHUD.bundle */ = {isa = PBXFileReference; lastKnownFileType = "wrapper.plug-in"; path = SVProgressHUD.bundle; sourceTree = "<group>"; };
		A453705F173E03A500B6842A /* SVProgressHUD.h */ = {isa = PBXFileReference; fileEncoding = 4; lastKnownFileType = sourcecode.c.h; path = SVProgressHUD.h; sourceTree = "<group>"; };
		A4537060173E03A500B6842A /* SVProgressHUD.m */ = {isa = PBXFileReference; fileEncoding = 4; lastKnownFileType = sourcecode.c.objc; path = SVProgressHUD.m; sourceTree = "<group>"; };
		A45772F717A9AA1C00B845C8 /* smack 57 blue.png */ = {isa = PBXFileReference; lastKnownFileType = image.png; path = "smack 57 blue.png"; sourceTree = "<group>"; };
		A45772F917A9AA2200B845C8 /* smack 114 blue.png */ = {isa = PBXFileReference; lastKnownFileType = image.png; path = "smack 114 blue.png"; sourceTree = "<group>"; };
		A45772FD17A9AACA00B845C8 /* Default.png */ = {isa = PBXFileReference; lastKnownFileType = image.png; path = Default.png; sourceTree = "<group>"; };
		A45772FF17A9AB1700B845C8 /* Default@2x.png */ = {isa = PBXFileReference; lastKnownFileType = image.png; path = "Default@2x.png"; sourceTree = "<group>"; };
		A457730117A9AB6C00B845C8 /* Default-568h@2x.png */ = {isa = PBXFileReference; lastKnownFileType = image.png; path = "Default-568h@2x.png"; sourceTree = "<group>"; };
		A46FFB6717A8AF870006223B /* Placeholder.png */ = {isa = PBXFileReference; lastKnownFileType = image.png; path = Placeholder.png; sourceTree = "<group>"; };
		A46FFB6817A8AF870006223B /* Placeholder@2x.png */ = {isa = PBXFileReference; lastKnownFileType = image.png; path = "Placeholder@2x.png"; sourceTree = "<group>"; };
		A46FFB6B17A8B6D00006223B /* StoreButton.png */ = {isa = PBXFileReference; lastKnownFileType = image.png; path = StoreButton.png; sourceTree = "<group>"; };
		A46FFB6F17A8D9890006223B /* soccer_ball (1).png */ = {isa = PBXFileReference; lastKnownFileType = image.png; path = "soccer_ball (1).png"; sourceTree = "<group>"; };
		A4861C5617B34BF800DA5E5F /* hockey.png */ = {isa = PBXFileReference; lastKnownFileType = image.png; name = hockey.png; path = ../../../../Desktop/hockey.png; sourceTree = "<group>"; };
		A49F4363174083AE00E835B2 /* rjdoW.png */ = {isa = PBXFileReference; lastKnownFileType = image.png; path = rjdoW.png; sourceTree = "<group>"; };
		A49F4364174083AE00E835B2 /* arrow.png */ = {isa = PBXFileReference; lastKnownFileType = image.png; path = arrow.png; sourceTree = "<group>"; };
		A49F4367174083F500E835B2 /* LoginWithFacebookNormal.png */ = {isa = PBXFileReference; lastKnownFileType = image.png; path = LoginWithFacebookNormal.png; sourceTree = "<group>"; };
		A4D8D8F5173D7F07005EE8A6 /* Smack.app */ = {isa = PBXFileReference; explicitFileType = wrapper.application; includeInIndex = 0; path = Smack.app; sourceTree = BUILT_PRODUCTS_DIR; };
		A4D8D8F8173D7F07005EE8A6 /* UIKit.framework */ = {isa = PBXFileReference; lastKnownFileType = wrapper.framework; name = UIKit.framework; path = System/Library/Frameworks/UIKit.framework; sourceTree = SDKROOT; };
		A4D8D8FA173D7F07005EE8A6 /* Foundation.framework */ = {isa = PBXFileReference; lastKnownFileType = wrapper.framework; name = Foundation.framework; path = System/Library/Frameworks/Foundation.framework; sourceTree = SDKROOT; };
		A4D8D8FC173D7F07005EE8A6 /* CoreGraphics.framework */ = {isa = PBXFileReference; lastKnownFileType = wrapper.framework; name = CoreGraphics.framework; path = System/Library/Frameworks/CoreGraphics.framework; sourceTree = SDKROOT; };
		A4D8D900173D7F07005EE8A6 /* Smack-Info.plist */ = {isa = PBXFileReference; lastKnownFileType = text.plist.xml; path = "Smack-Info.plist"; sourceTree = "<group>"; };
		A4D8D902173D7F07005EE8A6 /* en */ = {isa = PBXFileReference; lastKnownFileType = text.plist.strings; name = en; path = en.lproj/InfoPlist.strings; sourceTree = "<group>"; };
		A4D8D904173D7F07005EE8A6 /* main.m */ = {isa = PBXFileReference; lastKnownFileType = sourcecode.c.objc; path = main.m; sourceTree = "<group>"; };
		A4D8D906173D7F07005EE8A6 /* Smack-Prefix.pch */ = {isa = PBXFileReference; lastKnownFileType = sourcecode.c.h; path = "Smack-Prefix.pch"; sourceTree = "<group>"; };
		A4D8D907173D7F07005EE8A6 /* AppDelegate.h */ = {isa = PBXFileReference; lastKnownFileType = sourcecode.c.h; path = AppDelegate.h; sourceTree = "<group>"; };
		A4D8D908173D7F07005EE8A6 /* AppDelegate.m */ = {isa = PBXFileReference; lastKnownFileType = sourcecode.c.objc; path = AppDelegate.m; sourceTree = "<group>"; };
		A4D8D911173D7F07005EE8A6 /* en */ = {isa = PBXFileReference; lastKnownFileType = file.storyboard; name = en; path = en.lproj/MainStoryboard.storyboard; sourceTree = "<group>"; };
		A4D8D91B173D8414005EE8A6 /* Parse.framework */ = {isa = PBXFileReference; lastKnownFileType = wrapper.framework; path = Parse.framework; sourceTree = "<group>"; };
		A4D8D91D173D844D005EE8A6 /* AudioToolbox.framework */ = {isa = PBXFileReference; lastKnownFileType = wrapper.framework; name = AudioToolbox.framework; path = System/Library/Frameworks/AudioToolbox.framework; sourceTree = SDKROOT; };
		A4D8D91F173D8453005EE8A6 /* CFNetwork.framework */ = {isa = PBXFileReference; lastKnownFileType = wrapper.framework; name = CFNetwork.framework; path = System/Library/Frameworks/CFNetwork.framework; sourceTree = SDKROOT; };
		A4D8D921173D8461005EE8A6 /* CoreLocation.framework */ = {isa = PBXFileReference; lastKnownFileType = wrapper.framework; name = CoreLocation.framework; path = System/Library/Frameworks/CoreLocation.framework; sourceTree = SDKROOT; };
		A4D8D923173D846A005EE8A6 /* libz.1.1.3.dylib */ = {isa = PBXFileReference; lastKnownFileType = "compiled.mach-o.dylib"; name = libz.1.1.3.dylib; path = usr/lib/libz.1.1.3.dylib; sourceTree = SDKROOT; };
		A4D8D925173D8470005EE8A6 /* MobileCoreServices.framework */ = {isa = PBXFileReference; lastKnownFileType = wrapper.framework; name = MobileCoreServices.framework; path = System/Library/Frameworks/MobileCoreServices.framework; sourceTree = SDKROOT; };
		A4D8D927173D8476005EE8A6 /* QuartzCore.framework */ = {isa = PBXFileReference; lastKnownFileType = wrapper.framework; name = QuartzCore.framework; path = System/Library/Frameworks/QuartzCore.framework; sourceTree = SDKROOT; };
		A4D8D929173D8482005EE8A6 /* Security.framework */ = {isa = PBXFileReference; lastKnownFileType = wrapper.framework; name = Security.framework; path = System/Library/Frameworks/Security.framework; sourceTree = SDKROOT; };
		A4D8D92B173D8488005EE8A6 /* StoreKit.framework */ = {isa = PBXFileReference; lastKnownFileType = wrapper.framework; name = StoreKit.framework; path = System/Library/Frameworks/StoreKit.framework; sourceTree = SDKROOT; };
		A4D8D92D173D848F005EE8A6 /* SystemConfiguration.framework */ = {isa = PBXFileReference; lastKnownFileType = wrapper.framework; name = SystemConfiguration.framework; path = System/Library/Frameworks/SystemConfiguration.framework; sourceTree = SDKROOT; };
		A4D8D945173D95D6005EE8A6 /* GameCell.h */ = {isa = PBXFileReference; fileEncoding = 4; lastKnownFileType = sourcecode.c.h; path = GameCell.h; sourceTree = "<group>"; };
		A4D8D946173D95D6005EE8A6 /* GameCell.m */ = {isa = PBXFileReference; fileEncoding = 4; lastKnownFileType = sourcecode.c.objc; path = GameCell.m; sourceTree = "<group>"; };
		A4D8D947173D95D6005EE8A6 /* LeaderboardCell.h */ = {isa = PBXFileReference; fileEncoding = 4; lastKnownFileType = sourcecode.c.h; path = LeaderboardCell.h; sourceTree = "<group>"; };
		A4D8D948173D95D6005EE8A6 /* LeaderboardCell.m */ = {isa = PBXFileReference; fileEncoding = 4; lastKnownFileType = sourcecode.c.objc; path = LeaderboardCell.m; sourceTree = "<group>"; };
		A4D8D949173D95D6005EE8A6 /* PlayerCell.h */ = {isa = PBXFileReference; fileEncoding = 4; lastKnownFileType = sourcecode.c.h; path = PlayerCell.h; sourceTree = "<group>"; };
		A4D8D94A173D95D6005EE8A6 /* PlayerCell.m */ = {isa = PBXFileReference; fileEncoding = 4; lastKnownFileType = sourcecode.c.objc; path = PlayerCell.m; sourceTree = "<group>"; };
		A4D8D94B173D95D6005EE8A6 /* PlayerSelectCell.h */ = {isa = PBXFileReference; fileEncoding = 4; lastKnownFileType = sourcecode.c.h; path = PlayerSelectCell.h; sourceTree = "<group>"; };
		A4D8D94C173D95D6005EE8A6 /* PlayerSelectCell.m */ = {isa = PBXFileReference; fileEncoding = 4; lastKnownFileType = sourcecode.c.objc; path = PlayerSelectCell.m; sourceTree = "<group>"; };
		A4D8D94D173D95D6005EE8A6 /* TeamSelectCell.h */ = {isa = PBXFileReference; fileEncoding = 4; lastKnownFileType = sourcecode.c.h; path = TeamSelectCell.h; sourceTree = "<group>"; };
		A4D8D94E173D95D6005EE8A6 /* TeamSelectCell.m */ = {isa = PBXFileReference; fileEncoding = 4; lastKnownFileType = sourcecode.c.objc; path = TeamSelectCell.m; sourceTree = "<group>"; };
		A4D8D96D173D97C9005EE8A6 /* 85-trophy.png */ = {isa = PBXFileReference; lastKnownFileType = image.png; path = "85-trophy.png"; sourceTree = "<group>"; };
		A4D8D96E173D97C9005EE8A6 /* 85-trophy@2x.png */ = {isa = PBXFileReference; lastKnownFileType = image.png; path = "85-trophy@2x.png"; sourceTree = "<group>"; };
		A4D8D96F173D97C9005EE8A6 /* 112-group.png */ = {isa = PBXFileReference; lastKnownFileType = image.png; path = "112-group.png"; sourceTree = "<group>"; };
		A4D8D970173D97C9005EE8A6 /* 112-group@2x.png */ = {isa = PBXFileReference; lastKnownFileType = image.png; path = "112-group@2x.png"; sourceTree = "<group>"; };
		A4D8D971173D97C9005EE8A6 /* 116-controller.png */ = {isa = PBXFileReference; lastKnownFileType = image.png; path = "116-controller.png"; sourceTree = "<group>"; };
		A4D8D972173D97C9005EE8A6 /* 116-controller@2x.png */ = {isa = PBXFileReference; lastKnownFileType = image.png; path = "116-controller@2x.png"; sourceTree = "<group>"; };
		A4E1283A17AC77B600CB4389 /* keys.h */ = {isa = PBXFileReference; fileEncoding = 4; lastKnownFileType = sourcecode.c.h; path = keys.h; sourceTree = "<group>"; };
		A4FBA2B7178CB4E600DA6A51 /* AddGameViewController.h */ = {isa = PBXFileReference; fileEncoding = 4; lastKnownFileType = sourcecode.c.h; path = AddGameViewController.h; sourceTree = "<group>"; };
		A4FBA2B8178CB4E600DA6A51 /* AddGameViewController.m */ = {isa = PBXFileReference; fileEncoding = 4; lastKnownFileType = sourcecode.c.objc; path = AddGameViewController.m; sourceTree = "<group>"; };
		A4FBA2B9178CB4E600DA6A51 /* AddGroupViewController.h */ = {isa = PBXFileReference; fileEncoding = 4; lastKnownFileType = sourcecode.c.h; path = AddGroupViewController.h; sourceTree = "<group>"; };
		A4FBA2BA178CB4E600DA6A51 /* AddGroupViewController.m */ = {isa = PBXFileReference; fileEncoding = 4; lastKnownFileType = sourcecode.c.objc; path = AddGroupViewController.m; sourceTree = "<group>"; };
		A4FBA2BB178CB4E600DA6A51 /* AddPlayerViewController.h */ = {isa = PBXFileReference; fileEncoding = 4; lastKnownFileType = sourcecode.c.h; path = AddPlayerViewController.h; sourceTree = "<group>"; };
		A4FBA2BC178CB4E600DA6A51 /* AddPlayerViewController.m */ = {isa = PBXFileReference; fileEncoding = 4; lastKnownFileType = sourcecode.c.objc; path = AddPlayerViewController.m; sourceTree = "<group>"; };
		A4FBA2C1178CB55C00DA6A51 /* SelectPlayerViewController.h */ = {isa = PBXFileReference; fileEncoding = 4; lastKnownFileType = sourcecode.c.h; path = SelectPlayerViewController.h; sourceTree = "<group>"; };
		A4FBA2C2178CB55C00DA6A51 /* SelectPlayerViewController.m */ = {isa = PBXFileReference; fileEncoding = 4; lastKnownFileType = sourcecode.c.objc; path = SelectPlayerViewController.m; sourceTree = "<group>"; };
		A4FBA2C3178CB55C00DA6A51 /* SelectTeamViewController.h */ = {isa = PBXFileReference; fileEncoding = 4; lastKnownFileType = sourcecode.c.h; path = SelectTeamViewController.h; sourceTree = "<group>"; };
		A4FBA2C4178CB55C00DA6A51 /* SelectTeamViewController.m */ = {isa = PBXFileReference; fileEncoding = 4; lastKnownFileType = sourcecode.c.objc; path = SelectTeamViewController.m; sourceTree = "<group>"; };
		A4FBA2C8178CB5DA00DA6A51 /* Game.h */ = {isa = PBXFileReference; fileEncoding = 4; lastKnownFileType = sourcecode.c.h; path = Game.h; sourceTree = "<group>"; };
		A4FBA2C9178CB5DA00DA6A51 /* Game.m */ = {isa = PBXFileReference; fileEncoding = 4; lastKnownFileType = sourcecode.c.objc; path = Game.m; sourceTree = "<group>"; };
		A4FBA2CA178CB5DA00DA6A51 /* Group.h */ = {isa = PBXFileReference; fileEncoding = 4; lastKnownFileType = sourcecode.c.h; path = Group.h; sourceTree = "<group>"; };
		A4FBA2CB178CB5DA00DA6A51 /* Group.m */ = {isa = PBXFileReference; fileEncoding = 4; lastKnownFileType = sourcecode.c.objc; path = Group.m; sourceTree = "<group>"; };
		A4FBA2CC178CB5DA00DA6A51 /* Player.h */ = {isa = PBXFileReference; fileEncoding = 4; lastKnownFileType = sourcecode.c.h; path = Player.h; sourceTree = "<group>"; };
		A4FBA2CD178CB5DA00DA6A51 /* Player.m */ = {isa = PBXFileReference; fileEncoding = 4; lastKnownFileType = sourcecode.c.objc; path = Player.m; sourceTree = "<group>"; };
		A4FBA2CE178CB5DA00DA6A51 /* Team.h */ = {isa = PBXFileReference; fileEncoding = 4; lastKnownFileType = sourcecode.c.h; path = Team.h; sourceTree = "<group>"; };
		A4FBA2CF178CB5DA00DA6A51 /* Team.m */ = {isa = PBXFileReference; fileEncoding = 4; lastKnownFileType = sourcecode.c.objc; path = Team.m; sourceTree = "<group>"; };
		A4FBA2D0178CB5DA00DA6A51 /* TeamData.h */ = {isa = PBXFileReference; fileEncoding = 4; lastKnownFileType = sourcecode.c.h; path = TeamData.h; sourceTree = "<group>"; };
		A4FBA2D1178CB5DA00DA6A51 /* TeamData.m */ = {isa = PBXFileReference; fileEncoding = 4; lastKnownFileType = sourcecode.c.objc; path = TeamData.m; sourceTree = "<group>"; };
		A4FBA2DF178CB66D00DA6A51 /* GameInfoViewController.h */ = {isa = PBXFileReference; fileEncoding = 4; lastKnownFileType = sourcecode.c.h; path = GameInfoViewController.h; sourceTree = "<group>"; };
		A4FBA2E0178CB66D00DA6A51 /* GameInfoViewController.m */ = {isa = PBXFileReference; fileEncoding = 4; lastKnownFileType = sourcecode.c.objc; path = GameInfoViewController.m; sourceTree = "<group>"; };
		A4FBA2E1178CB66D00DA6A51 /* GamesViewController.h */ = {isa = PBXFileReference; fileEncoding = 4; lastKnownFileType = sourcecode.c.h; path = GamesViewController.h; sourceTree = "<group>"; };
		A4FBA2E2178CB66D00DA6A51 /* GamesViewController.m */ = {isa = PBXFileReference; fileEncoding = 4; lastKnownFileType = sourcecode.c.objc; path = GamesViewController.m; sourceTree = "<group>"; };
		A4FBA2E6178CB69200DA6A51 /* GroupsViewController.h */ = {isa = PBXFileReference; fileEncoding = 4; lastKnownFileType = sourcecode.c.h; path = GroupsViewController.h; sourceTree = "<group>"; };
		A4FBA2E7178CB69200DA6A51 /* GroupsViewController.m */ = {isa = PBXFileReference; fileEncoding = 4; lastKnownFileType = sourcecode.c.objc; path = GroupsViewController.m; sourceTree = "<group>"; };
		A4FBA2E8178CB69200DA6A51 /* LoginViewController.h */ = {isa = PBXFileReference; fileEncoding = 4; lastKnownFileType = sourcecode.c.h; path = LoginViewController.h; sourceTree = "<group>"; };
		A4FBA2E9178CB69200DA6A51 /* LoginViewController.m */ = {isa = PBXFileReference; fileEncoding = 4; lastKnownFileType = sourcecode.c.objc; path = LoginViewController.m; sourceTree = "<group>"; };
		A4FBA2EA178CB69200DA6A51 /* SmackTabViewController.h */ = {isa = PBXFileReference; fileEncoding = 4; lastKnownFileType = sourcecode.c.h; path = SmackTabViewController.h; sourceTree = "<group>"; };
		A4FBA2EB178CB69200DA6A51 /* SmackTabViewController.m */ = {isa = PBXFileReference; fileEncoding = 4; lastKnownFileType = sourcecode.c.objc; path = SmackTabViewController.m; sourceTree = "<group>"; };
		A4FBA2F0178CB6D100DA6A51 /* PlayerInfoViewController.h */ = {isa = PBXFileReference; fileEncoding = 4; lastKnownFileType = sourcecode.c.h; path = PlayerInfoViewController.h; sourceTree = "<group>"; };
		A4FBA2F1178CB6D100DA6A51 /* PlayerInfoViewController.m */ = {isa = PBXFileReference; fileEncoding = 4; lastKnownFileType = sourcecode.c.objc; path = PlayerInfoViewController.m; sourceTree = "<group>"; };
		A4FBA2F2178CB6D100DA6A51 /* PlayersViewController.h */ = {isa = PBXFileReference; fileEncoding = 4; lastKnownFileType = sourcecode.c.h; path = PlayersViewController.h; sourceTree = "<group>"; };
		A4FBA2F3178CB6D100DA6A51 /* PlayersViewController.m */ = {isa = PBXFileReference; fileEncoding = 4; lastKnownFileType = sourcecode.c.objc; path = PlayersViewController.m; sourceTree = "<group>"; };
		A4FBA2F7178CB6EE00DA6A51 /* LeaderboardViewController.h */ = {isa = PBXFileReference; fileEncoding = 4; lastKnownFileType = sourcecode.c.h; path = LeaderboardViewController.h; sourceTree = "<group>"; };
		A4FBA2F8178CB6EE00DA6A51 /* LeaderboardViewController.m */ = {isa = PBXFileReference; fileEncoding = 4; lastKnownFileType = sourcecode.c.objc; path = LeaderboardViewController.m; sourceTree = "<group>"; };
		A4FD0AAA17AF6D080054507B /* enums.h */ = {isa = PBXFileReference; fileEncoding = 4; lastKnownFileType = sourcecode.c.h; name = enums.h; path = "../Add View Controllers/enums.h"; sourceTree = "<group>"; };
/* End PBXFileReference section */

/* Begin PBXFrameworksBuildPhase section */
		A4D8D8F2173D7F07005EE8A6 /* Frameworks */ = {
			isa = PBXFrameworksBuildPhase;
			buildActionMask = 2147483647;
			files = (
				A4537053173DF6AA00B6842A /* Social.framework in Frameworks */,
				A4D8D92A173D8482005EE8A6 /* Security.framework in Frameworks */,
				A4537051173DF69600B6842A /* libsqlite3.dylib in Frameworks */,
				A453704F173DF68900B6842A /* Accounts.framework in Frameworks */,
				A453704D173DF68100B6842A /* AdSupport.framework in Frameworks */,
				A4D8D92E173D848F005EE8A6 /* SystemConfiguration.framework in Frameworks */,
				A4D8D92C173D8488005EE8A6 /* StoreKit.framework in Frameworks */,
				A4D8D928173D8476005EE8A6 /* QuartzCore.framework in Frameworks */,
				A4D8D926173D8470005EE8A6 /* MobileCoreServices.framework in Frameworks */,
				A4D8D924173D846A005EE8A6 /* libz.1.1.3.dylib in Frameworks */,
				A4D8D922173D8461005EE8A6 /* CoreLocation.framework in Frameworks */,
				A4D8D8FD173D7F07005EE8A6 /* CoreGraphics.framework in Frameworks */,
				A4D8D920173D8453005EE8A6 /* CFNetwork.framework in Frameworks */,
				A4D8D91E173D844D005EE8A6 /* AudioToolbox.framework in Frameworks */,
				A4D8D8F9173D7F07005EE8A6 /* UIKit.framework in Frameworks */,
				A4D8D8FB173D7F07005EE8A6 /* Foundation.framework in Frameworks */,
				A4D8D91C173D8414005EE8A6 /* Parse.framework in Frameworks */,
				A4537049173DF61800B6842A /* FacebookSDK.framework in Frameworks */,
			);
			runOnlyForDeploymentPostprocessing = 0;
		};
/* End PBXFrameworksBuildPhase section */

/* Begin PBXGroup section */
		A453705D173E03A500B6842A /* SVProgressHUD */ = {
			isa = PBXGroup;
			children = (
				A453705E173E03A500B6842A /* SVProgressHUD.bundle */,
				A453705F173E03A500B6842A /* SVProgressHUD.h */,
				A4537060173E03A500B6842A /* SVProgressHUD.m */,
			);
			path = SVProgressHUD;
			sourceTree = "<group>";
		};
		A4D8D8EC173D7F07005EE8A6 = {
			isa = PBXGroup;
			children = (
				A457730117A9AB6C00B845C8 /* Default-568h@2x.png */,
				A45772FF17A9AB1700B845C8 /* Default@2x.png */,
				A45772FD17A9AACA00B845C8 /* Default.png */,
				A45772F917A9AA2200B845C8 /* smack 114 blue.png */,
				A45772F717A9AA1C00B845C8 /* smack 57 blue.png */,
				A4D8D8FE173D7F07005EE8A6 /* Smack */,
				A4D8D8F7173D7F07005EE8A6 /* Frameworks */,
				A4D8D8F6173D7F07005EE8A6 /* Products */,
			);
			sourceTree = "<group>";
		};
		A4D8D8F6173D7F07005EE8A6 /* Products */ = {
			isa = PBXGroup;
			children = (
				A4D8D8F5173D7F07005EE8A6 /* Smack.app */,
			);
			name = Products;
			sourceTree = "<group>";
		};
		A4D8D8F7173D7F07005EE8A6 /* Frameworks */ = {
			isa = PBXGroup;
			children = (
				A453705D173E03A500B6842A /* SVProgressHUD */,
				A4537052173DF6AA00B6842A /* Social.framework */,
				A4537050173DF69600B6842A /* libsqlite3.dylib */,
				A453704E173DF68900B6842A /* Accounts.framework */,
				A453704C173DF68100B6842A /* AdSupport.framework */,
				A453704A173DF65400B6842A /* FacebookSDKResources.bundle */,
				A4537048173DF61800B6842A /* FacebookSDK.framework */,
				A4D8D92D173D848F005EE8A6 /* SystemConfiguration.framework */,
				A4D8D92B173D8488005EE8A6 /* StoreKit.framework */,
				A4D8D929173D8482005EE8A6 /* Security.framework */,
				A4D8D927173D8476005EE8A6 /* QuartzCore.framework */,
				A4D8D925173D8470005EE8A6 /* MobileCoreServices.framework */,
				A4D8D923173D846A005EE8A6 /* libz.1.1.3.dylib */,
				A4D8D921173D8461005EE8A6 /* CoreLocation.framework */,
				A4D8D91F173D8453005EE8A6 /* CFNetwork.framework */,
				A4D8D91D173D844D005EE8A6 /* AudioToolbox.framework */,
				A4D8D91B173D8414005EE8A6 /* Parse.framework */,
				A4D8D8F8173D7F07005EE8A6 /* UIKit.framework */,
				A4D8D8FA173D7F07005EE8A6 /* Foundation.framework */,
				A4D8D8FC173D7F07005EE8A6 /* CoreGraphics.framework */,
			);
			name = Frameworks;
			sourceTree = "<group>";
		};
		A4D8D8FE173D7F07005EE8A6 /* Smack */ = {
			isa = PBXGroup;
			children = (
				A46FFB6B17A8B6D00006223B /* StoreButton.png */,
				A46FFB6717A8AF870006223B /* Placeholder.png */,
				A46FFB6817A8AF870006223B /* Placeholder@2x.png */,
				A421602117A461170095E447 /* table_gray_gradient.png */,
				A421601D17A45F160095E447 /* blue_gray_gradient_44.png */,
				A438EF6A17A312D600E513BB /* TableCellGradient.png */,
				A49F4367174083F500E835B2 /* LoginWithFacebookNormal.png */,
				A49F4363174083AE00E835B2 /* rjdoW.png */,
				A49F4364174083AE00E835B2 /* arrow.png */,
				A4E1283A17AC77B600CB4389 /* keys.h */,
				A438EF6C17A31B4300E513BB /* down.png */,
				A438EF6D17A31B4300E513BB /* down@2x.png */,
				A438EF6E17A31B4400E513BB /* up.png */,
				A46FFB6F17A8D9890006223B /* soccer_ball (1).png */,
				A4861C5617B34BF800DA5E5F /* hockey.png */,
				A438EF6F17A31B4400E513BB /* up@2x.png */,
				A4D8D96D173D97C9005EE8A6 /* 85-trophy.png */,
				A4D8D96E173D97C9005EE8A6 /* 85-trophy@2x.png */,
				A4D8D96F173D97C9005EE8A6 /* 112-group.png */,
				A4D8D970173D97C9005EE8A6 /* 112-group@2x.png */,
				A4D8D971173D97C9005EE8A6 /* 116-controller.png */,
				A4D8D972173D97C9005EE8A6 /* 116-controller@2x.png */,
				A4D8D907173D7F07005EE8A6 /* AppDelegate.h */,
				A4D8D908173D7F07005EE8A6 /* AppDelegate.m */,
				A4D8D910173D7F07005EE8A6 /* MainStoryboard.storyboard */,
				A4FBA2F6178CB6EE00DA6A51 /* Leaderboard View Controllers */,
				A4FBA2EF178CB6D100DA6A51 /* Players View Controllers */,
				A4FBA2E5178CB69200DA6A51 /* Main View Controllers */,
				A4FBA2DE178CB66D00DA6A51 /* Games View Controllers */,
				A4FBA2C7178CB5DA00DA6A51 /* Data Model */,
				A4FBA2C0178CB55C00DA6A51 /* Select View Controllers */,
				A4FBA2B6178CB4E500DA6A51 /* Add View Controllers */,
				A4D8D944173D95D6005EE8A6 /* Cells */,
				A4D8D8FF173D7F07005EE8A6 /* Supporting Files */,
			);
			path = Smack;
			sourceTree = "<group>";
		};
		A4D8D8FF173D7F07005EE8A6 /* Supporting Files */ = {
			isa = PBXGroup;
			children = (
				A4D8D900173D7F07005EE8A6 /* Smack-Info.plist */,
				A4D8D901173D7F07005EE8A6 /* InfoPlist.strings */,
				A4D8D904173D7F07005EE8A6 /* main.m */,
				A4D8D906173D7F07005EE8A6 /* Smack-Prefix.pch */,
			);
			name = "Supporting Files";
			sourceTree = "<group>";
		};
		A4D8D944173D95D6005EE8A6 /* Cells */ = {
			isa = PBXGroup;
			children = (
				A4D8D945173D95D6005EE8A6 /* GameCell.h */,
				A4D8D946173D95D6005EE8A6 /* GameCell.m */,
				A438EF7417A31E0300E513BB /* GroupCell.h */,
				A438EF7517A31E0300E513BB /* GroupCell.m */,
				A4D8D947173D95D6005EE8A6 /* LeaderboardCell.h */,
				A4D8D948173D95D6005EE8A6 /* LeaderboardCell.m */,
				A4D8D949173D95D6005EE8A6 /* PlayerCell.h */,
				A4D8D94A173D95D6005EE8A6 /* PlayerCell.m */,
				A4D8D94B173D95D6005EE8A6 /* PlayerSelectCell.h */,
				A4D8D94C173D95D6005EE8A6 /* PlayerSelectCell.m */,
				A4D8D94D173D95D6005EE8A6 /* TeamSelectCell.h */,
				A4D8D94E173D95D6005EE8A6 /* TeamSelectCell.m */,
			);
			path = Cells;
			sourceTree = "<group>";
		};
		A4FBA2B6178CB4E500DA6A51 /* Add View Controllers */ = {
			isa = PBXGroup;
			children = (
				A4FBA2B7178CB4E600DA6A51 /* AddGameViewController.h */,
				A4FBA2B8178CB4E600DA6A51 /* AddGameViewController.m */,
				A4FBA2B9178CB4E600DA6A51 /* AddGroupViewController.h */,
				A4FBA2BA178CB4E600DA6A51 /* AddGroupViewController.m */,
				A4FBA2BB178CB4E600DA6A51 /* AddPlayerViewController.h */,
				A4FBA2BC178CB4E600DA6A51 /* AddPlayerViewController.m */,
			);
			path = "Add View Controllers";
			sourceTree = "<group>";
		};
		A4FBA2C0178CB55C00DA6A51 /* Select View Controllers */ = {
			isa = PBXGroup;
			children = (
				A4FBA2C1178CB55C00DA6A51 /* SelectPlayerViewController.h */,
				A4FBA2C2178CB55C00DA6A51 /* SelectPlayerViewController.m */,
				A4FBA2C3178CB55C00DA6A51 /* SelectTeamViewController.h */,
				A4FBA2C4178CB55C00DA6A51 /* SelectTeamViewController.m */,
			);
			path = "Select View Controllers";
			sourceTree = "<group>";
		};
		A4FBA2C7178CB5DA00DA6A51 /* Data Model */ = {
			isa = PBXGroup;
			children = (
				A4FD0AAA17AF6D080054507B /* enums.h */,
				A4FBA2C8178CB5DA00DA6A51 /* Game.h */,
				A4FBA2C9178CB5DA00DA6A51 /* Game.m */,
				A4FBA2CA178CB5DA00DA6A51 /* Group.h */,
				A4FBA2CB178CB5DA00DA6A51 /* Group.m */,
				A4FBA2CC178CB5DA00DA6A51 /* Player.h */,
				A4FBA2CD178CB5DA00DA6A51 /* Player.m */,
				A4FBA2CE178CB5DA00DA6A51 /* Team.h */,
				A4FBA2CF178CB5DA00DA6A51 /* Team.m */,
				A4FBA2D0178CB5DA00DA6A51 /* TeamData.h */,
				A4FBA2D1178CB5DA00DA6A51 /* TeamData.m */,
			);
			path = "Data Model";
			sourceTree = "<group>";
		};
		A4FBA2DE178CB66D00DA6A51 /* Games View Controllers */ = {
			isa = PBXGroup;
			children = (
				A4FBA2DF178CB66D00DA6A51 /* GameInfoViewController.h */,
				A4FBA2E0178CB66D00DA6A51 /* GameInfoViewController.m */,
				A4FBA2E1178CB66D00DA6A51 /* GamesViewController.h */,
				A4FBA2E2178CB66D00DA6A51 /* GamesViewController.m */,
			);
			path = "Games View Controllers";
			sourceTree = "<group>";
		};
		A4FBA2E5178CB69200DA6A51 /* Main View Controllers */ = {
			isa = PBXGroup;
			children = (
				A4FBA2E6178CB69200DA6A51 /* GroupsViewController.h */,
				A4FBA2E7178CB69200DA6A51 /* GroupsViewController.m */,
				A4FBA2E8178CB69200DA6A51 /* LoginViewController.h */,
				A4FBA2E9178CB69200DA6A51 /* LoginViewController.m */,
				A4FBA2EA178CB69200DA6A51 /* SmackTabViewController.h */,
				A4FBA2EB178CB69200DA6A51 /* SmackTabViewController.m */,
			);
			path = "Main View Controllers";
			sourceTree = "<group>";
		};
		A4FBA2EF178CB6D100DA6A51 /* Players View Controllers */ = {
			isa = PBXGroup;
			children = (
				A4FBA2F0178CB6D100DA6A51 /* PlayerInfoViewController.h */,
				A4FBA2F1178CB6D100DA6A51 /* PlayerInfoViewController.m */,
				A4FBA2F2178CB6D100DA6A51 /* PlayersViewController.h */,
				A4FBA2F3178CB6D100DA6A51 /* PlayersViewController.m */,
			);
			path = "Players View Controllers";
			sourceTree = "<group>";
		};
		A4FBA2F6178CB6EE00DA6A51 /* Leaderboard View Controllers */ = {
			isa = PBXGroup;
			children = (
				A4FBA2F7178CB6EE00DA6A51 /* LeaderboardViewController.h */,
				A4FBA2F8178CB6EE00DA6A51 /* LeaderboardViewController.m */,
			);
			path = "Leaderboard View Controllers";
			sourceTree = "<group>";
		};
/* End PBXGroup section */

/* Begin PBXNativeTarget section */
		A4D8D8F4173D7F07005EE8A6 /* Smack */ = {
			isa = PBXNativeTarget;
			buildConfigurationList = A4D8D918173D7F07005EE8A6 /* Build configuration list for PBXNativeTarget "Smack" */;
			buildPhases = (
				A4D8D8F1173D7F07005EE8A6 /* Sources */,
				A4D8D8F2173D7F07005EE8A6 /* Frameworks */,
				A4D8D8F3173D7F07005EE8A6 /* Resources */,
			);
			buildRules = (
			);
			dependencies = (
			);
			name = Smack;
			productName = Smack;
			productReference = A4D8D8F5173D7F07005EE8A6 /* Smack.app */;
			productType = "com.apple.product-type.application";
		};
/* End PBXNativeTarget section */

/* Begin PBXProject section */
		A4D8D8ED173D7F07005EE8A6 /* Project object */ = {
			isa = PBXProject;
			attributes = {
				LastUpgradeCheck = 0460;
				ORGANIZATIONNAME = "Zack Ulrich";
			};
			buildConfigurationList = A4D8D8F0173D7F07005EE8A6 /* Build configuration list for PBXProject "Smack" */;
			compatibilityVersion = "Xcode 3.2";
			developmentRegion = English;
			hasScannedForEncodings = 0;
			knownRegions = (
				en,
				he,
			);
			mainGroup = A4D8D8EC173D7F07005EE8A6;
			productRefGroup = A4D8D8F6173D7F07005EE8A6 /* Products */;
			projectDirPath = "";
			projectRoot = "";
			targets = (
				A4D8D8F4173D7F07005EE8A6 /* Smack */,
			);
		};
/* End PBXProject section */

/* Begin PBXResourcesBuildPhase section */
		A4D8D8F3173D7F07005EE8A6 /* Resources */ = {
			isa = PBXResourcesBuildPhase;
			buildActionMask = 2147483647;
			files = (
				A4D8D903173D7F07005EE8A6 /* InfoPlist.strings in Resources */,
				A4D8D912173D7F07005EE8A6 /* MainStoryboard.storyboard in Resources */,
				A4D8D973173D97C9005EE8A6 /* 85-trophy.png in Resources */,
				A4D8D974173D97C9005EE8A6 /* 85-trophy@2x.png in Resources */,
				A4D8D975173D97C9005EE8A6 /* 112-group.png in Resources */,
				A4D8D976173D97C9005EE8A6 /* 112-group@2x.png in Resources */,
				A4D8D977173D97C9005EE8A6 /* 116-controller.png in Resources */,
				A4D8D978173D97C9005EE8A6 /* 116-controller@2x.png in Resources */,
				A453704B173DF65400B6842A /* FacebookSDKResources.bundle in Resources */,
				A4537061173E03A500B6842A /* SVProgressHUD.bundle in Resources */,
				A49F4365174083AF00E835B2 /* rjdoW.png in Resources */,
				A49F4366174083AF00E835B2 /* arrow.png in Resources */,
				A49F4368174083F500E835B2 /* LoginWithFacebookNormal.png in Resources */,
				A438EF6B17A312D600E513BB /* TableCellGradient.png in Resources */,
				A438EF7017A31B4400E513BB /* down.png in Resources */,
				A438EF7117A31B4400E513BB /* down@2x.png in Resources */,
				A438EF7217A31B4400E513BB /* up.png in Resources */,
				A438EF7317A31B4400E513BB /* up@2x.png in Resources */,
				A421601E17A45F160095E447 /* blue_gray_gradient_44.png in Resources */,
				A421602217A461170095E447 /* table_gray_gradient.png in Resources */,
				A46FFB6917A8AF870006223B /* Placeholder.png in Resources */,
				A46FFB6A17A8AF870006223B /* Placeholder@2x.png in Resources */,
				A46FFB6C17A8B6D00006223B /* StoreButton.png in Resources */,
				A46FFB7017A8D9890006223B /* soccer_ball (1).png in Resources */,
				A45772F817A9AA1C00B845C8 /* smack 57 blue.png in Resources */,
				A45772FA17A9AA2300B845C8 /* smack 114 blue.png in Resources */,
				A45772FE17A9AACA00B845C8 /* Default.png in Resources */,
				A457730017A9AB1700B845C8 /* Default@2x.png in Resources */,
				A457730217A9AB6C00B845C8 /* Default-568h@2x.png in Resources */,
				A4861C5717B34BF900DA5E5F /* hockey.png in Resources */,
			);
			runOnlyForDeploymentPostprocessing = 0;
		};
/* End PBXResourcesBuildPhase section */

/* Begin PBXSourcesBuildPhase section */
		A4D8D8F1173D7F07005EE8A6 /* Sources */ = {
			isa = PBXSourcesBuildPhase;
			buildActionMask = 2147483647;
			files = (
				A4D8D905173D7F07005EE8A6 /* main.m in Sources */,
				A4D8D909173D7F07005EE8A6 /* AppDelegate.m in Sources */,
				A4D8D94F173D95D6005EE8A6 /* GameCell.m in Sources */,
				A4D8D950173D95D6005EE8A6 /* LeaderboardCell.m in Sources */,
				A4D8D951173D95D6005EE8A6 /* PlayerCell.m in Sources */,
				A4D8D952173D95D6005EE8A6 /* PlayerSelectCell.m in Sources */,
				A4D8D953173D95D6005EE8A6 /* TeamSelectCell.m in Sources */,
				A4537062173E03A500B6842A /* SVProgressHUD.m in Sources */,
				A4FBA2BD178CB4E600DA6A51 /* AddGameViewController.m in Sources */,
				A4FBA2BE178CB4E600DA6A51 /* AddGroupViewController.m in Sources */,
				A4FBA2BF178CB4E600DA6A51 /* AddPlayerViewController.m in Sources */,
				A4FBA2C5178CB55C00DA6A51 /* SelectPlayerViewController.m in Sources */,
				A4FBA2C6178CB55C00DA6A51 /* SelectTeamViewController.m in Sources */,
				A4FBA2D2178CB5DA00DA6A51 /* Game.m in Sources */,
				A4FBA2D3178CB5DA00DA6A51 /* Group.m in Sources */,
				A4FBA2D4178CB5DA00DA6A51 /* Player.m in Sources */,
				A4FBA2D5178CB5DA00DA6A51 /* Team.m in Sources */,
				A4FBA2D6178CB5DA00DA6A51 /* TeamData.m in Sources */,
				A4FBA2E3178CB66D00DA6A51 /* GameInfoViewController.m in Sources */,
				A4FBA2E4178CB66D00DA6A51 /* GamesViewController.m in Sources */,
				A4FBA2EC178CB69200DA6A51 /* GroupsViewController.m in Sources */,
				A4FBA2ED178CB69200DA6A51 /* LoginViewController.m in Sources */,
				A4FBA2EE178CB69200DA6A51 /* SmackTabViewController.m in Sources */,
				A4FBA2F4178CB6D100DA6A51 /* PlayerInfoViewController.m in Sources */,
				A4FBA2F5178CB6D100DA6A51 /* PlayersViewController.m in Sources */,
				A4FBA2F9178CB6EE00DA6A51 /* LeaderboardViewController.m in Sources */,
				A438EF7617A31E0300E513BB /* GroupCell.m in Sources */,
			);
			runOnlyForDeploymentPostprocessing = 0;
		};
/* End PBXSourcesBuildPhase section */

/* Begin PBXVariantGroup section */
		A4D8D901173D7F07005EE8A6 /* InfoPlist.strings */ = {
			isa = PBXVariantGroup;
			children = (
				A4D8D902173D7F07005EE8A6 /* en */,
			);
			name = InfoPlist.strings;
			sourceTree = "<group>";
		};
		A4D8D910173D7F07005EE8A6 /* MainStoryboard.storyboard */ = {
			isa = PBXVariantGroup;
			children = (
				A4D8D911173D7F07005EE8A6 /* en */,
			);
			name = MainStoryboard.storyboard;
			sourceTree = "<group>";
		};
/* End PBXVariantGroup section */

/* Begin XCBuildConfiguration section */
		A4D8D916173D7F07005EE8A6 /* Debug */ = {
			isa = XCBuildConfiguration;
			buildSettings = {
				ALWAYS_SEARCH_USER_PATHS = NO;
				CLANG_CXX_LANGUAGE_STANDARD = "gnu++0x";
				CLANG_CXX_LIBRARY = "libc++";
				CLANG_ENABLE_OBJC_ARC = YES;
				CLANG_WARN_CONSTANT_CONVERSION = YES;
				CLANG_WARN_EMPTY_BODY = YES;
				CLANG_WARN_ENUM_CONVERSION = YES;
				CLANG_WARN_INT_CONVERSION = YES;
				CLANG_WARN__DUPLICATE_METHOD_MATCH = YES;
				CODE_SIGN_IDENTITY = "iPhone Developer: Elliot Soloway (P6769Z9DA8)";
				"CODE_SIGN_IDENTITY[sdk=iphoneos*]" = "iPhone Developer: Elliot Soloway (P6769Z9DA8)";
				COPY_PHASE_STRIP = NO;
				GCC_C_LANGUAGE_STANDARD = gnu99;
				GCC_DYNAMIC_NO_PIC = NO;
				GCC_OPTIMIZATION_LEVEL = 0;
				GCC_PREPROCESSOR_DEFINITIONS = (
					"DEBUG=1",
					"$(inherited)",
				);
				GCC_SYMBOLS_PRIVATE_EXTERN = NO;
				GCC_WARN_ABOUT_RETURN_TYPE = YES;
				GCC_WARN_UNINITIALIZED_AUTOS = YES;
				GCC_WARN_UNUSED_VARIABLE = YES;
				IPHONEOS_DEPLOYMENT_TARGET = 6.1;
				ONLY_ACTIVE_ARCH = YES;
				PROVISIONING_PROFILE = "F92141AF-C607-4E99-AF64-D57CC4E2A415";
				"PROVISIONING_PROFILE[sdk=iphoneos*]" = "F92141AF-C607-4E99-AF64-D57CC4E2A415";
				SDKROOT = iphoneos;
			};
			name = Debug;
		};
		A4D8D917173D7F07005EE8A6 /* Release */ = {
			isa = XCBuildConfiguration;
			buildSettings = {
				ALWAYS_SEARCH_USER_PATHS = NO;
				CLANG_CXX_LANGUAGE_STANDARD = "gnu++0x";
				CLANG_CXX_LIBRARY = "libc++";
				CLANG_ENABLE_OBJC_ARC = YES;
				CLANG_WARN_CONSTANT_CONVERSION = YES;
				CLANG_WARN_EMPTY_BODY = YES;
				CLANG_WARN_ENUM_CONVERSION = YES;
				CLANG_WARN_INT_CONVERSION = YES;
				CLANG_WARN__DUPLICATE_METHOD_MATCH = YES;
				CODE_SIGN_IDENTITY = "iPhone Developer: Elliot Soloway (P6769Z9DA8)";
				"CODE_SIGN_IDENTITY[sdk=iphoneos*]" = "iPhone Developer: Elliot Soloway (P6769Z9DA8)";
				COPY_PHASE_STRIP = YES;
				GCC_C_LANGUAGE_STANDARD = gnu99;
				GCC_WARN_ABOUT_RETURN_TYPE = YES;
				GCC_WARN_UNINITIALIZED_AUTOS = YES;
				GCC_WARN_UNUSED_VARIABLE = YES;
				IPHONEOS_DEPLOYMENT_TARGET = 6.1;
				OTHER_CFLAGS = "-DNS_BLOCK_ASSERTIONS=1";
				PROVISIONING_PROFILE = "F92141AF-C607-4E99-AF64-D57CC4E2A415";
				"PROVISIONING_PROFILE[sdk=iphoneos*]" = "F92141AF-C607-4E99-AF64-D57CC4E2A415";
				SDKROOT = iphoneos;
				VALIDATE_PRODUCT = YES;
			};
			name = Release;
		};
		A4D8D919173D7F07005EE8A6 /* Debug */ = {
			isa = XCBuildConfiguration;
			buildSettings = {
				CODE_SIGN_IDENTITY = "iPhone Developer: Elliot Soloway (P6769Z9DA8)";
				"CODE_SIGN_IDENTITY[sdk=iphoneos*]" = "iPhone Developer: Elliot Soloway (P6769Z9DA8)";
				FRAMEWORK_SEARCH_PATHS = (
					"$(inherited)",
					"\"$(SRCROOT)\"",
					"\"$(SRCROOT)/../../../Documents/FacebookSDK\"/**",
					"\"$(SRCROOT)/../../../Documents/FacebookSDK\"",
				);
				GCC_PRECOMPILE_PREFIX_HEADER = YES;
				GCC_PREFIX_HEADER = "Smack/Smack-Prefix.pch";
				INFOPLIST_FILE = "Smack/Smack-Info.plist";
				PRODUCT_NAME = "$(TARGET_NAME)";
				PROVISIONING_PROFILE = "F92141AF-C607-4E99-AF64-D57CC4E2A415";
				"PROVISIONING_PROFILE[sdk=iphoneos*]" = "F92141AF-C607-4E99-AF64-D57CC4E2A415";
				WRAPPER_EXTENSION = app;
			};
			name = Debug;
		};
		A4D8D91A173D7F07005EE8A6 /* Release */ = {
			isa = XCBuildConfiguration;
			buildSettings = {
				CODE_SIGN_IDENTITY = "iPhone Developer: Elliot Soloway (P6769Z9DA8)";
				"CODE_SIGN_IDENTITY[sdk=iphoneos*]" = "iPhone Developer: Elliot Soloway (P6769Z9DA8)";
				FRAMEWORK_SEARCH_PATHS = (
					"$(inherited)",
					"\"$(SRCROOT)\"",
					"\"$(SRCROOT)/../../../Documents/FacebookSDK\"",
				);
				"FRAMEWORK_SEARCH_PATHS[arch=*]" = (
					"$(inherited)",
					"\"$(SRCROOT)\"",
					"\"$(SRCROOT)/../../../Documents/FacebookSDK\"",
				);
				GCC_PRECOMPILE_PREFIX_HEADER = YES;
				GCC_PREFIX_HEADER = "Smack/Smack-Prefix.pch";
				INFOPLIST_FILE = "Smack/Smack-Info.plist";
				PRODUCT_NAME = "$(TARGET_NAME)";
				PROVISIONING_PROFILE = "F92141AF-C607-4E99-AF64-D57CC4E2A415";
				"PROVISIONING_PROFILE[sdk=iphoneos*]" = "F92141AF-C607-4E99-AF64-D57CC4E2A415";
				WRAPPER_EXTENSION = app;
			};
			name = Release;
		};
/* End XCBuildConfiguration section */

/* Begin XCConfigurationList section */
		A4D8D8F0173D7F07005EE8A6 /* Build configuration list for PBXProject "Smack" */ = {
			isa = XCConfigurationList;
			buildConfigurations = (
				A4D8D916173D7F07005EE8A6 /* Debug */,
				A4D8D917173D7F07005EE8A6 /* Release */,
			);
			defaultConfigurationIsVisible = 0;
			defaultConfigurationName = Release;
		};
		A4D8D918173D7F07005EE8A6 /* Build configuration list for PBXNativeTarget "Smack" */ = {
			isa = XCConfigurationList;
			buildConfigurations = (
				A4D8D919173D7F07005EE8A6 /* Debug */,
				A4D8D91A173D7F07005EE8A6 /* Release */,
			);
			defaultConfigurationIsVisible = 0;
			defaultConfigurationName = Release;
		};
/* End XCConfigurationList section */
	};
	rootObject = A4D8D8ED173D7F07005EE8A6 /* Project object */;
}
